
Microsoft Visual Studio Solution File, Format Version 12.00
# Visual Studio Version 17
VisualStudioVersion = 17.0.31903.59
MinimumVisualStudioVersion = 10.0.40219.1
Project("{2150E333-8FDC-42A3-9474-1A3956D46DE8}") = "src", "src", "{157BEBA3-9D7B-4DBD-8BCA-2542813BAB34}"
EndProject
Project("{FAE04EC0-301F-11D3-BF4B-00C04F79EFBC}") = "Domain", "src\Domain\Domain.csproj", "{5BCCE616-435E-465A-BC52-FE882804BBDC}"
EndProject
Project("{FAE04EC0-301F-11D3-BF4B-00C04F79EFBC}") = "Application", "src\Application\Application.csproj", "{5E178786-1ED8-43BF-9827-C8391DD1DE1A}"
EndProject
Project("{FAE04EC0-301F-11D3-BF4B-00C04F79EFBC}") = "Infrastructure", "src\Infrastructure\Infrastructure.csproj", "{F987FDFB-A1C5-4253-B4BC-E7EFBC44305A}"
EndProject
Project("{FAE04EC0-301F-11D3-BF4B-00C04F79EFBC}") = "Presentation", "src\Presentation\Presentation.csproj", "{9717EF14-1977-43B5-B128-9B286121CA8B}"
EndProject
Global
	GlobalSection(SolutionConfigurationPlatforms) = preSolution
		Debug|Any CPU = Debug|Any CPU
		Release|Any CPU = Release|Any CPU
	EndGlobalSection
	GlobalSection(SolutionProperties) = preSolution
		HideSolutionNode = FALSE
	EndGlobalSection
	GlobalSection(ProjectConfigurationPlatforms) = postSolution
		{5BCCE616-435E-465A-BC52-FE882804BBDC}.Debug|Any CPU.ActiveCfg = Debug|Any CPU
		{5BCCE616-435E-465A-BC52-FE882804BBDC}.Debug|Any CPU.Build.0 = Debug|Any CPU
		{5BCCE616-435E-465A-BC52-FE882804BBDC}.Release|Any CPU.ActiveCfg = Release|Any CPU
		{5BCCE616-435E-465A-BC52-FE882804BBDC}.Release|Any CPU.Build.0 = Release|Any CPU
		{5E178786-1ED8-43BF-9827-C8391DD1DE1A}.Debug|Any CPU.ActiveCfg = Debug|Any CPU
		{5E178786-1ED8-43BF-9827-C8391DD1DE1A}.Debug|Any CPU.Build.0 = Debug|Any CPU
		{5E178786-1ED8-43BF-9827-C8391DD1DE1A}.Release|Any CPU.ActiveCfg = Release|Any CPU
		{5E178786-1ED8-43BF-9827-C8391DD1DE1A}.Release|Any CPU.Build.0 = Release|Any CPU
		{F987FDFB-A1C5-4253-B4BC-E7EFBC44305A}.Debug|Any CPU.ActiveCfg = Debug|Any CPU
		{F987FDFB-A1C5-4253-B4BC-E7EFBC44305A}.Debug|Any CPU.Build.0 = Debug|Any CPU
		{F987FDFB-A1C5-4253-B4BC-E7EFBC44305A}.Release|Any CPU.ActiveCfg = Release|Any CPU
		{F987FDFB-A1C5-4253-B4BC-E7EFBC44305A}.Release|Any CPU.Build.0 = Release|Any CPU
		{9717EF14-1977-43B5-B128-9B286121CA8B}.Debug|Any CPU.ActiveCfg = Debug|Any CPU
		{9717EF14-1977-43B5-B128-9B286121CA8B}.Debug|Any CPU.Build.0 = Debug|Any CPU
		{9717EF14-1977-43B5-B128-9B286121CA8B}.Release|Any CPU.ActiveCfg = Release|Any CPU
		{9717EF14-1977-43B5-B128-9B286121CA8B}.Release|Any CPU.Build.0 = Release|Any CPU
	EndGlobalSection
	GlobalSection(NestedProjects) = preSolution
		{5BCCE616-435E-465A-BC52-FE882804BBDC} = {157BEBA3-9D7B-4DBD-8BCA-2542813BAB34}
		{5E178786-1ED8-43BF-9827-C8391DD1DE1A} = {157BEBA3-9D7B-4DBD-8BCA-2542813BAB34}
		{F987FDFB-A1C5-4253-B4BC-E7EFBC44305A} = {157BEBA3-9D7B-4DBD-8BCA-2542813BAB34}
		{9717EF14-1977-43B5-B128-9B286121CA8B} = {157BEBA3-9D7B-4DBD-8BCA-2542813BAB34}
	EndGlobalSection
EndGlobal
